
Microsoft Visual Studio Solution File, Format Version 12.00
# Visual Studio Version 16
VisualStudioVersion = 16.0.30717.126
MinimumVisualStudioVersion = 10.0.40219.1
Project("{FAE04EC0-301F-11D3-BF4B-00C04F79EFBC}") = "F03", "F03\F03.csproj", "{A3F162F8-8388-4995-9CD1-3952B396ADEF}"
EndProject
Global
	GlobalSection(SolutionConfigurationPlatforms) = preSolution
		Debug|Any CPU = Debug|Any CPU
		Release|Any CPU = Release|Any CPU
	EndGlobalSection
	GlobalSection(ProjectConfigurationPlatforms) = postSolution
		{A3F162F8-8388-4995-9CD1-3952B396ADEF}.Debug|Any CPU.ActiveCfg = Debug|Any CPU
		{A3F162F8-8388-4995-9CD1-3952B396ADEF}.Debug|Any CPU.Build.0 = Debug|Any CPU
		{A3F162F8-8388-4995-9CD1-3952B396ADEF}.Release|Any CPU.ActiveCfg = Release|Any CPU
		{A3F162F8-8388-4995-9CD1-3952B396ADEF}.Release|Any CPU.Build.0 = Release|Any CPU
	EndGlobalSection
	GlobalSection(SolutionProperties) = preSolution
		HideSolutionNode = FALSE
	EndGlobalSection
	GlobalSection(ExtensibilityGlobals) = postSolution
		SolutionGuid = {CBBE2960-603B-4A78-9042-1414C3DB5A1E}
	EndGlobalSection
EndGlobal
